{
	"name": "sync-types",
	"version": "2.0.0",
	"lockfileVersion": 2,
	"requires": true,
	"packages": {
		"": {
			"name": "sync-types",
			"version": "2.0.0",
			"license": "MIT",
			"dependencies": {
				"hosted-git-info": "^8.0.0"
			}
		},
		"node_modules/hosted-git-info": {
			"version": "8.0.2",
			"resolved": "https://registry.npmjs.org/hosted-git-info/-/hosted-git-info-8.0.2.tgz",
			"integrity": "sha512-sYKnA7eGln5ov8T8gnYlkSOxFJvywzEx9BueN6xo/GKO8PGiI6uK6xx+DIGe45T3bdVjLAQDQW1aicT8z8JwQg==",
			"dependencies": {
				"lru-cache": "^10.0.1"
			},
			"engines": {
				"node": "^18.17.0 || >=20.5.0"
			}
		},
		"node_modules/lru-cache": {
			"version": "10.4.3",
			"resolved": "https://registry.npmjs.org/lru-cache/-/lru-cache-10.4.3.tgz",
			"integrity": "sha512-JNAzZcXrCt42VGLuYz0zfAzDfAvJWW6AfYlDBQyDV5DClI2m5sAmK+OIO7s59XfsRsWHp02jAJrRadPRGTt6SQ=="
		}
	},
	"dependencies": {
		"hosted-git-info": {
			"version": "8.0.2",
			"resolved": "https://registry.npmjs.org/hosted-git-info/-/hosted-git-info-8.0.2.tgz",
			"integrity": "sha512-sYKnA7eGln5ov8T8gnYlkSOxFJvywzEx9BueN6xo/GKO8PGiI6uK6xx+DIGe45T3bdVjLAQDQW1aicT8z8JwQg==",
			"requires": {
				"lru-cache": "^10.0.1"
			}
		},
		"lru-cache": {
			"version": "10.4.3",
			"resolved": "https://registry.npmjs.org/lru-cache/-/lru-cache-10.4.3.tgz",
			"integrity": "sha512-JNAzZcXrCt42VGLuYz0zfAzDfAvJWW6AfYlDBQyDV5DClI2m5sAmK+OIO7s59XfsRsWHp02jAJrRadPRGTt6SQ=="
		}
	}
}
