{
	"name": "sync-types",
	"version": "1.2.16",
	"lockfileVersion": 2,
	"requires": true,
	"packages": {
		"": {
			"name": "sync-types",
			"version": "1.2.16",
			"license": "MIT",
			"dependencies": {
				"hosted-git-info": "^6.1.1"
			}
		},
		"node_modules/hosted-git-info": {
			"version": "6.1.1",
			"resolved": "https://registry.npmjs.org/hosted-git-info/-/hosted-git-info-6.1.1.tgz",
			"integrity": "sha512-r0EI+HBMcXadMrugk0GCQ+6BQV39PiWAZVfq7oIckeGiN7sjRGyQxPdft3nQekFTCQbYxLBH+/axZMeH8UX6+w==",
			"dependencies": {
				"lru-cache": "^7.5.1"
			},
			"engines": {
				"node": "^14.17.0 || ^16.13.0 || >=18.0.0"
			}
		},
		"node_modules/lru-cache": {
			"version": "7.18.3",
			"resolved": "https://registry.npmjs.org/lru-cache/-/lru-cache-7.18.3.tgz",
			"integrity": "sha512-jumlc0BIUrS3qJGgIkWZsyfAM7NCWiBcCDhnd+3NNM5KbBmLTgHVfWBcg6W+rLUsIpzpERPsvwUP7CckAQSOoA==",
			"engines": {
				"node": ">=12"
			}
		}
	},
	"dependencies": {
		"hosted-git-info": {
			"version": "6.1.1",
			"resolved": "https://registry.npmjs.org/hosted-git-info/-/hosted-git-info-6.1.1.tgz",
			"integrity": "sha512-r0EI+HBMcXadMrugk0GCQ+6BQV39PiWAZVfq7oIckeGiN7sjRGyQxPdft3nQekFTCQbYxLBH+/axZMeH8UX6+w==",
			"requires": {
				"lru-cache": "^7.5.1"
			}
		},
		"lru-cache": {
			"version": "7.18.3",
			"resolved": "https://registry.npmjs.org/lru-cache/-/lru-cache-7.18.3.tgz",
			"integrity": "sha512-jumlc0BIUrS3qJGgIkWZsyfAM7NCWiBcCDhnd+3NNM5KbBmLTgHVfWBcg6W+rLUsIpzpERPsvwUP7CckAQSOoA=="
		}
	}
}
